
Microsoft Visual Studio Solution File, Format Version 12.00
# Visual Studio Version 17
VisualStudioVersion = 17.4.33205.214
MinimumVisualStudioVersion = 10.0.40219.1
Project("{FAE04EC0-301F-11D3-BF4B-00C04F79EFBC}") = "ContactManangment", "ContactManangment.csproj", "{FA5C7C7E-99B1-423A-8753-4EF89491FA8B}"
EndProject
Global
	GlobalSection(SolutionConfigurationPlatforms) = preSolution
		Debug|Any CPU = Debug|Any CPU
		Release|Any CPU = Release|Any CPU
	EndGlobalSection
	GlobalSection(ProjectConfigurationPlatforms) = postSolution
		{FA5C7C7E-99B1-423A-8753-4EF89491FA8B}.Debug|Any CPU.ActiveCfg = Debug|Any CPU
		{FA5C7C7E-99B1-423A-8753-4EF89491FA8B}.Debug|Any CPU.Build.0 = Debug|Any CPU
		{FA5C7C7E-99B1-423A-8753-4EF89491FA8B}.Release|Any CPU.ActiveCfg = Release|Any CPU
		{FA5C7C7E-99B1-423A-8753-4EF89491FA8B}.Release|Any CPU.Build.0 = Release|Any CPU
	EndGlobalSection
	GlobalSection(SolutionProperties) = preSolution
		HideSolutionNode = FALSE
	EndGlobalSection
	GlobalSection(ExtensibilityGlobals) = postSolution
		SolutionGuid = {234D765F-EFA0-401E-9EFE-53BFD11265C8}
	EndGlobalSection
EndGlobal
